
Microsoft Visual Studio Solution File, Format Version 12.00
# Visual Studio 15
VisualStudioVersion = 15.0.28307.106
MinimumVisualStudioVersion = 10.0.40219.1
Project("{9A19103F-16F7-4668-BE54-9A1E7A4F7556}") = "DotNetCoreApp_Linux", "DotNetCoreApp_Linux.csproj", "{21FF00D5-0253-4C01-974B-36188E4D8751}"
EndProject
Global
	GlobalSection(SolutionConfigurationPlatforms) = preSolution
		Debug|Any CPU = Debug|Any CPU
		Release|Any CPU = Release|Any CPU
	EndGlobalSection
	GlobalSection(ProjectConfigurationPlatforms) = postSolution
		{21FF00D5-0253-4C01-974B-36188E4D8751}.Debug|Any CPU.ActiveCfg = Debug|Any CPU
		{21FF00D5-0253-4C01-974B-36188E4D8751}.Debug|Any CPU.Build.0 = Debug|Any CPU
		{21FF00D5-0253-4C01-974B-36188E4D8751}.Release|Any CPU.ActiveCfg = Release|Any CPU
		{21FF00D5-0253-4C01-974B-36188E4D8751}.Release|Any CPU.Build.0 = Release|Any CPU
	EndGlobalSection
	GlobalSection(SolutionProperties) = preSolution
		HideSolutionNode = FALSE
	EndGlobalSection
	GlobalSection(ExtensibilityGlobals) = postSolution
		SolutionGuid = {D06F4580-55F0-4D88-8F88-03B2DBA0FA6C}
	EndGlobalSection
EndGlobal
